{
  "requires": true,
  "lockfileVersion": 1,
  "dependencies": {
    "es6": {
      "version": "0.0.7",
      "resolved": "https://registry.npmjs.org/es6/-/es6-0.0.7.tgz",
      "integrity": "sha1-OyhRr+6mDbFs9WnVYGbaoPOXRnY="
    },
    "knockout.validation": {
      "version": "2.0.3",
      "resolved": "https://registry.npmjs.org/knockout.validation/-/knockout.validation-2.0.3.tgz",
      "integrity": "sha1-iZ3lIyNk4ezV2UbggPaiYpMEYyk="
    }
  }
}
